
Microsoft Visual Studio Solution File, Format Version 12.00
# Visual Studio Version 17
VisualStudioVersion = 17.4.33213.308
MinimumVisualStudioVersion = 10.0.40219.1
Project("{FAE04EC0-301F-11D3-BF4B-00C04F79EFBC}") = "Section8", "Section8\Section8.csproj", "{1AE18E29-CA21-45B9-8703-E5C879D87AB1}"
EndProject
Global
	GlobalSection(SolutionConfigurationPlatforms) = preSolution
		Debug|Any CPU = Debug|Any CPU
		Release|Any CPU = Release|Any CPU
	EndGlobalSection
	GlobalSection(ProjectConfigurationPlatforms) = postSolution
		{1AE18E29-CA21-45B9-8703-E5C879D87AB1}.Debug|Any CPU.ActiveCfg = Debug|Any CPU
		{1AE18E29-CA21-45B9-8703-E5C879D87AB1}.Debug|Any CPU.Build.0 = Debug|Any CPU
		{1AE18E29-CA21-45B9-8703-E5C879D87AB1}.Release|Any CPU.ActiveCfg = Release|Any CPU
		{1AE18E29-CA21-45B9-8703-E5C879D87AB1}.Release|Any CPU.Build.0 = Release|Any CPU
	EndGlobalSection
	GlobalSection(SolutionProperties) = preSolution
		HideSolutionNode = FALSE
	EndGlobalSection
	GlobalSection(ExtensibilityGlobals) = postSolution
		SolutionGuid = {2DDC2D5C-1D6E-425A-B749-2819010D7DDF}
	EndGlobalSection
EndGlobal
