
Microsoft Visual Studio Solution File, Format Version 12.00
# Visual Studio Version 17
VisualStudioVersion = 17.4.33213.308
MinimumVisualStudioVersion = 10.0.40219.1
Project("{FAE04EC0-301F-11D3-BF4B-00C04F79EFBC}") = "WorkflowEngine", "WorkflowEngine\WorkflowEngine.csproj", "{B4AD0F44-3C23-4CCE-B324-AAF563CE15AB}"
EndProject
Global
	GlobalSection(SolutionConfigurationPlatforms) = preSolution
		Debug|Any CPU = Debug|Any CPU
		Release|Any CPU = Release|Any CPU
	EndGlobalSection
	GlobalSection(ProjectConfigurationPlatforms) = postSolution
		{B4AD0F44-3C23-4CCE-B324-AAF563CE15AB}.Debug|Any CPU.ActiveCfg = Debug|Any CPU
		{B4AD0F44-3C23-4CCE-B324-AAF563CE15AB}.Debug|Any CPU.Build.0 = Debug|Any CPU
		{B4AD0F44-3C23-4CCE-B324-AAF563CE15AB}.Release|Any CPU.ActiveCfg = Release|Any CPU
		{B4AD0F44-3C23-4CCE-B324-AAF563CE15AB}.Release|Any CPU.Build.0 = Release|Any CPU
	EndGlobalSection
	GlobalSection(SolutionProperties) = preSolution
		HideSolutionNode = FALSE
	EndGlobalSection
	GlobalSection(ExtensibilityGlobals) = postSolution
		SolutionGuid = {2C0FD65A-0D3F-438E-8A44-7DCCAEEFA75D}
	EndGlobalSection
EndGlobal
